[root]
name = "listusb"
version = "0.1.0"
dependencies = [
 "hidapi 0.3.0 (registry+https://github.com/rust-lang/crates.io-index)",
]

[[package]]
name = "gcc"
version = "0.3.38"
source = "registry+https://github.com/rust-lang/crates.io-index"

[[package]]
name = "hidapi"
version = "0.3.0"
source = "registry+https://github.com/rust-lang/crates.io-index"
dependencies = [
 "gcc 0.3.38 (registry+https://github.com/rust-lang/crates.io-index)",
 "libc 0.2.17 (registry+https://github.com/rust-lang/crates.io-index)",
 "pkg-config 0.3.8 (registry+https://github.com/rust-lang/crates.io-index)",
]

[[package]]
name = "libc"
version = "0.2.17"
source = "registry+https://github.com/rust-lang/crates.io-index"

[[package]]
name = "pkg-config"
version = "0.3.8"
source = "registry+https://github.com/rust-lang/crates.io-index"

[metadata]
"checksum gcc 0.3.38 (registry+https://github.com/rust-lang/crates.io-index)" = "553f11439bdefe755bf366b264820f1da70f3aaf3924e594b886beb9c831bcf5"
"checksum hidapi 0.3.0 (registry+https://github.com/rust-lang/crates.io-index)" = "cefe432de7f121b852aa2ed8310a6adf2d046fedc02aaa8074c8cfcd5236dea9"
"checksum libc 0.2.17 (registry+https://github.com/rust-lang/crates.io-index)" = "044d1360593a78f5c8e5e710beccdc24ab71d1f01bc19a29bcacdba22e8475d8"
"checksum pkg-config 0.3.8 (registry+https://github.com/rust-lang/crates.io-index)" = "8cee804ecc7eaf201a4a207241472cc870e825206f6c031e3ee2a72fa425f2fa"
